
Microsoft Visual Studio Solution File, Format Version 12.00
# Visual Studio 2012
Project("{FAE04EC0-301F-11D3-BF4B-00C04F79EFBC}") = "Phoneword_iOS", "Phoneword_iOS\Phoneword_iOS.csproj", "{292C7156-B848-4DFF-B55A-602F59DB87CA}"
EndProject
Global
	GlobalSection(SolutionConfigurationPlatforms) = preSolution
		Debug|iPhoneSimulator = Debug|iPhoneSimulator
		Release|iPhone = Release|iPhone
		Release|iPhoneSimulator = Release|iPhoneSimulator
		Debug|iPhone = Debug|iPhone
	EndGlobalSection
	GlobalSection(ProjectConfigurationPlatforms) = postSolution
		{292C7156-B848-4DFF-B55A-602F59DB87CA}.Debug|iPhoneSimulator.ActiveCfg = Debug|iPhoneSimulator
		{292C7156-B848-4DFF-B55A-602F59DB87CA}.Debug|iPhoneSimulator.Build.0 = Debug|iPhoneSimulator
		{292C7156-B848-4DFF-B55A-602F59DB87CA}.Release|iPhone.ActiveCfg = Release|iPhone
		{292C7156-B848-4DFF-B55A-602F59DB87CA}.Release|iPhone.Build.0 = Release|iPhone
		{292C7156-B848-4DFF-B55A-602F59DB87CA}.Release|iPhoneSimulator.ActiveCfg = Release|iPhoneSimulator
		{292C7156-B848-4DFF-B55A-602F59DB87CA}.Release|iPhoneSimulator.Build.0 = Release|iPhoneSimulator
		{292C7156-B848-4DFF-B55A-602F59DB87CA}.Debug|iPhone.ActiveCfg = Debug|iPhone
		{292C7156-B848-4DFF-B55A-602F59DB87CA}.Debug|iPhone.Build.0 = Debug|iPhone
	EndGlobalSection
EndGlobal
