
Microsoft Visual Studio Solution File, Format Version 12.00
# Visual Studio 2012
Project("{FAE04EC0-301F-11D3-BF4B-00C04F79EFBC}") = "SecondApp", "SecondApp\SecondApp.csproj", "{9670BEFA-3C85-44A8-B893-921226841482}"
EndProject
Project("{FAE04EC0-301F-11D3-BF4B-00C04F79EFBC}") = "SecondApp.iOS", "iOS\SecondApp.iOS.csproj", "{D2DE06EE-C339-452C-8A1D-1143A54BAC57}"
EndProject
Project("{FAE04EC0-301F-11D3-BF4B-00C04F79EFBC}") = "SecondApp.Droid", "Droid\SecondApp.Droid.csproj", "{CBAC61C0-3C70-491D-803D-333652B51DE2}"
EndProject
Global
	GlobalSection(SolutionConfigurationPlatforms) = preSolution
		Debug|Any CPU = Debug|Any CPU
		Release|Any CPU = Release|Any CPU
		Debug|iPhoneSimulator = Debug|iPhoneSimulator
		Release|iPhone = Release|iPhone
		Release|iPhoneSimulator = Release|iPhoneSimulator
		Debug|iPhone = Debug|iPhone
	EndGlobalSection
	GlobalSection(ProjectConfigurationPlatforms) = postSolution
		{9670BEFA-3C85-44A8-B893-921226841482}.Debug|Any CPU.ActiveCfg = Debug|Any CPU
		{9670BEFA-3C85-44A8-B893-921226841482}.Debug|Any CPU.Build.0 = Debug|Any CPU
		{9670BEFA-3C85-44A8-B893-921226841482}.Release|Any CPU.ActiveCfg = Release|Any CPU
		{9670BEFA-3C85-44A8-B893-921226841482}.Release|Any CPU.Build.0 = Release|Any CPU
		{9670BEFA-3C85-44A8-B893-921226841482}.Debug|iPhoneSimulator.ActiveCfg = Debug|Any CPU
		{9670BEFA-3C85-44A8-B893-921226841482}.Debug|iPhoneSimulator.Build.0 = Debug|Any CPU
		{9670BEFA-3C85-44A8-B893-921226841482}.Release|iPhone.ActiveCfg = Release|Any CPU
		{9670BEFA-3C85-44A8-B893-921226841482}.Release|iPhone.Build.0 = Release|Any CPU
		{9670BEFA-3C85-44A8-B893-921226841482}.Release|iPhoneSimulator.ActiveCfg = Release|Any CPU
		{9670BEFA-3C85-44A8-B893-921226841482}.Release|iPhoneSimulator.Build.0 = Release|Any CPU
		{9670BEFA-3C85-44A8-B893-921226841482}.Debug|iPhone.ActiveCfg = Debug|Any CPU
		{9670BEFA-3C85-44A8-B893-921226841482}.Debug|iPhone.Build.0 = Debug|Any CPU
		{D2DE06EE-C339-452C-8A1D-1143A54BAC57}.Debug|Any CPU.ActiveCfg = Debug|iPhoneSimulator
		{D2DE06EE-C339-452C-8A1D-1143A54BAC57}.Debug|Any CPU.Build.0 = Debug|iPhoneSimulator
		{D2DE06EE-C339-452C-8A1D-1143A54BAC57}.Release|Any CPU.ActiveCfg = Debug|iPhoneSimulator
		{D2DE06EE-C339-452C-8A1D-1143A54BAC57}.Release|Any CPU.Build.0 = Debug|iPhoneSimulator
		{D2DE06EE-C339-452C-8A1D-1143A54BAC57}.Debug|iPhoneSimulator.ActiveCfg = Debug|iPhoneSimulator
		{D2DE06EE-C339-452C-8A1D-1143A54BAC57}.Debug|iPhoneSimulator.Build.0 = Debug|iPhoneSimulator
		{D2DE06EE-C339-452C-8A1D-1143A54BAC57}.Release|iPhone.ActiveCfg = Release|iPhone
		{D2DE06EE-C339-452C-8A1D-1143A54BAC57}.Release|iPhone.Build.0 = Release|iPhone
		{D2DE06EE-C339-452C-8A1D-1143A54BAC57}.Release|iPhoneSimulator.ActiveCfg = Release|iPhoneSimulator
		{D2DE06EE-C339-452C-8A1D-1143A54BAC57}.Release|iPhoneSimulator.Build.0 = Release|iPhoneSimulator
		{D2DE06EE-C339-452C-8A1D-1143A54BAC57}.Debug|iPhone.ActiveCfg = Debug|iPhone
		{D2DE06EE-C339-452C-8A1D-1143A54BAC57}.Debug|iPhone.Build.0 = Debug|iPhone
		{CBAC61C0-3C70-491D-803D-333652B51DE2}.Debug|Any CPU.ActiveCfg = Debug|Any CPU
		{CBAC61C0-3C70-491D-803D-333652B51DE2}.Debug|Any CPU.Build.0 = Debug|Any CPU
		{CBAC61C0-3C70-491D-803D-333652B51DE2}.Release|Any CPU.ActiveCfg = Release|Any CPU
		{CBAC61C0-3C70-491D-803D-333652B51DE2}.Release|Any CPU.Build.0 = Release|Any CPU
		{CBAC61C0-3C70-491D-803D-333652B51DE2}.Debug|iPhoneSimulator.ActiveCfg = Debug|Any CPU
		{CBAC61C0-3C70-491D-803D-333652B51DE2}.Debug|iPhoneSimulator.Build.0 = Debug|Any CPU
		{CBAC61C0-3C70-491D-803D-333652B51DE2}.Release|iPhone.ActiveCfg = Release|Any CPU
		{CBAC61C0-3C70-491D-803D-333652B51DE2}.Release|iPhone.Build.0 = Release|Any CPU
		{CBAC61C0-3C70-491D-803D-333652B51DE2}.Release|iPhoneSimulator.ActiveCfg = Release|Any CPU
		{CBAC61C0-3C70-491D-803D-333652B51DE2}.Release|iPhoneSimulator.Build.0 = Release|Any CPU
		{CBAC61C0-3C70-491D-803D-333652B51DE2}.Debug|iPhone.ActiveCfg = Debug|Any CPU
		{CBAC61C0-3C70-491D-803D-333652B51DE2}.Debug|iPhone.Build.0 = Debug|Any CPU
	EndGlobalSection
EndGlobal
